
Microsoft Visual Studio Solution File, Format Version 12.00
# Visual Studio Version 16
VisualStudioVersion = 16.0.30413.136
MinimumVisualStudioVersion = 10.0.40219.1
Project("{FAE04EC0-301F-11D3-BF4B-00C04F79EFBC}") = "Bdonnal1730ex1b", "Bdonnal1730ex1b\Bdonnal1730ex1b.csproj", "{9CEFDDD7-9D3A-40EB-8947-282F3B4A1DC8}"
EndProject
Project("{FAE04EC0-301F-11D3-BF4B-00C04F79EFBC}") = "Bdonnal1c1", "Bdonnal1c1\Bdonnal1c1.csproj", "{77117DFF-98F8-4AC6-B61C-8201497AB6F3}"
EndProject
Project("{FAE04EC0-301F-11D3-BF4B-00C04F79EFBC}") = "Bdonnal1d1", "Bdonnal1d1\Bdonnal1d1.csproj", "{DEABB663-D0A9-48D2-AD22-BA898A2B114B}"
EndProject
Global
	GlobalSection(SolutionConfigurationPlatforms) = preSolution
		Debug|Any CPU = Debug|Any CPU
		Release|Any CPU = Release|Any CPU
	EndGlobalSection
	GlobalSection(ProjectConfigurationPlatforms) = postSolution
		{9CEFDDD7-9D3A-40EB-8947-282F3B4A1DC8}.Debug|Any CPU.ActiveCfg = Debug|Any CPU
		{9CEFDDD7-9D3A-40EB-8947-282F3B4A1DC8}.Debug|Any CPU.Build.0 = Debug|Any CPU
		{9CEFDDD7-9D3A-40EB-8947-282F3B4A1DC8}.Release|Any CPU.ActiveCfg = Release|Any CPU
		{9CEFDDD7-9D3A-40EB-8947-282F3B4A1DC8}.Release|Any CPU.Build.0 = Release|Any CPU
		{77117DFF-98F8-4AC6-B61C-8201497AB6F3}.Debug|Any CPU.ActiveCfg = Debug|Any CPU
		{77117DFF-98F8-4AC6-B61C-8201497AB6F3}.Debug|Any CPU.Build.0 = Debug|Any CPU
		{77117DFF-98F8-4AC6-B61C-8201497AB6F3}.Release|Any CPU.ActiveCfg = Release|Any CPU
		{77117DFF-98F8-4AC6-B61C-8201497AB6F3}.Release|Any CPU.Build.0 = Release|Any CPU
		{DEABB663-D0A9-48D2-AD22-BA898A2B114B}.Debug|Any CPU.ActiveCfg = Debug|Any CPU
		{DEABB663-D0A9-48D2-AD22-BA898A2B114B}.Debug|Any CPU.Build.0 = Debug|Any CPU
		{DEABB663-D0A9-48D2-AD22-BA898A2B114B}.Release|Any CPU.ActiveCfg = Release|Any CPU
		{DEABB663-D0A9-48D2-AD22-BA898A2B114B}.Release|Any CPU.Build.0 = Release|Any CPU
	EndGlobalSection
	GlobalSection(SolutionProperties) = preSolution
		HideSolutionNode = FALSE
	EndGlobalSection
	GlobalSection(ExtensibilityGlobals) = postSolution
		SolutionGuid = {3F22F3F4-026A-4155-8B0B-EC173281B83E}
	EndGlobalSection
EndGlobal
